
Microsoft Visual Studio Solution File, Format Version 12.00
# Visual Studio Version 17
VisualStudioVersion = 17.2.32630.192
MinimumVisualStudioVersion = 10.0.40219.1
Project("{9A19103F-16F7-4668-BE54-9A1E7A4F7556}") = "LeaveManagement.Web", "LeaveManagement.Web\LeaveManagement.Web.csproj", "{549D5736-AB2F-474C-B3C2-5F09B6587A03}"
EndProject
Global
	GlobalSection(SolutionConfigurationPlatforms) = preSolution
		Debug|Any CPU = Debug|Any CPU
		Release|Any CPU = Release|Any CPU
	EndGlobalSection
	GlobalSection(ProjectConfigurationPlatforms) = postSolution
		{549D5736-AB2F-474C-B3C2-5F09B6587A03}.Debug|Any CPU.ActiveCfg = Debug|Any CPU
		{549D5736-AB2F-474C-B3C2-5F09B6587A03}.Debug|Any CPU.Build.0 = Debug|Any CPU
		{549D5736-AB2F-474C-B3C2-5F09B6587A03}.Release|Any CPU.ActiveCfg = Release|Any CPU
		{549D5736-AB2F-474C-B3C2-5F09B6587A03}.Release|Any CPU.Build.0 = Release|Any CPU
	EndGlobalSection
	GlobalSection(SolutionProperties) = preSolution
		HideSolutionNode = FALSE
	EndGlobalSection
	GlobalSection(ExtensibilityGlobals) = postSolution
		SolutionGuid = {02CFD873-8C00-4B1B-AC0D-C34C8E3B6DE2}
	EndGlobalSection
EndGlobal
